
Microsoft Visual Studio Solution File, Format Version 12.00
# Visual Studio 15
VisualStudioVersion = 15.0.28307.705
MinimumVisualStudioVersion = 10.0.40219.1
Project("{FAE04EC0-301F-11D3-BF4B-00C04F79EFBC}") = "darwinazbuild", "darwinazbuild.csproj", "{F64F7F4A-47B1-4F7B-B69B-D7D8934FEBB9}"
EndProject
Global
	GlobalSection(SolutionConfigurationPlatforms) = preSolution
		Debug|Any CPU = Debug|Any CPU
		Release|Any CPU = Release|Any CPU
	EndGlobalSection
	GlobalSection(ProjectConfigurationPlatforms) = postSolution
		{F64F7F4A-47B1-4F7B-B69B-D7D8934FEBB9}.Debug|Any CPU.ActiveCfg = Debug|Any CPU
		{F64F7F4A-47B1-4F7B-B69B-D7D8934FEBB9}.Debug|Any CPU.Build.0 = Debug|Any CPU
		{F64F7F4A-47B1-4F7B-B69B-D7D8934FEBB9}.Release|Any CPU.ActiveCfg = Release|Any CPU
		{F64F7F4A-47B1-4F7B-B69B-D7D8934FEBB9}.Release|Any CPU.Build.0 = Release|Any CPU
	EndGlobalSection
	GlobalSection(SolutionProperties) = preSolution
		HideSolutionNode = FALSE
	EndGlobalSection
	GlobalSection(ExtensibilityGlobals) = postSolution
		SolutionGuid = {ECB45494-80B7-47BB-8D40-5DE8C174011E}
	EndGlobalSection
EndGlobal
